
Microsoft Visual Studio Solution File, Format Version 12.00
# Visual Studio 15
Project("{FAE04EC0-301F-11D3-BF4B-00C04F79EFBC}") = "Assembly-CSharp-Editor", "Assembly-CSharp-Editor.csproj", "{52CDE221-B8CE-99E7-3127-E546148A11EA}"
EndProject
Project("{FAE04EC0-301F-11D3-BF4B-00C04F79EFBC}") = "Assembly-CSharp", "Assembly-CSharp.csproj", "{F296B9D4-349F-6058-49E8-569DB4A9EF2D}"
EndProject
Global
	GlobalSection(SolutionConfigurationPlatforms) = preSolution
		Debug|Any CPU = Debug|Any CPU
		Release|Any CPU = Release|Any CPU
	EndGlobalSection
	GlobalSection(ProjectConfigurationPlatforms) = postSolution
		{52CDE221-B8CE-99E7-3127-E546148A11EA}.Debug|Any CPU.ActiveCfg = Debug|Any CPU
		{52CDE221-B8CE-99E7-3127-E546148A11EA}.Debug|Any CPU.Build.0 = Debug|Any CPU
		{52CDE221-B8CE-99E7-3127-E546148A11EA}.Release|Any CPU.ActiveCfg = Release|Any CPU
		{52CDE221-B8CE-99E7-3127-E546148A11EA}.Release|Any CPU.Build.0 = Release|Any CPU
		{F296B9D4-349F-6058-49E8-569DB4A9EF2D}.Debug|Any CPU.ActiveCfg = Debug|Any CPU
		{F296B9D4-349F-6058-49E8-569DB4A9EF2D}.Debug|Any CPU.Build.0 = Debug|Any CPU
		{F296B9D4-349F-6058-49E8-569DB4A9EF2D}.Release|Any CPU.ActiveCfg = Release|Any CPU
		{F296B9D4-349F-6058-49E8-569DB4A9EF2D}.Release|Any CPU.Build.0 = Release|Any CPU
	EndGlobalSection
	GlobalSection(SolutionProperties) = preSolution
		HideSolutionNode = FALSE
	EndGlobalSection
EndGlobal
