
Microsoft Visual Studio Solution File, Format Version 12.00
# Visual Studio Version 17
VisualStudioVersion = 17.13.35931.197 d17.13
MinimumVisualStudioVersion = 10.0.40219.1
Project("{FAE04EC0-301F-11D3-BF4B-00C04F79EFBC}") = "Hafta 1", "Hafta 1\Hafta 1.csproj", "{8B35506C-4B15-418A-B13E-1A51E89BC15F}"
EndProject
Global
	GlobalSection(SolutionConfigurationPlatforms) = preSolution
		Debug|Any CPU = Debug|Any CPU
		Release|Any CPU = Release|Any CPU
	EndGlobalSection
	GlobalSection(ProjectConfigurationPlatforms) = postSolution
		{8B35506C-4B15-418A-B13E-1A51E89BC15F}.Debug|Any CPU.ActiveCfg = Debug|Any CPU
		{8B35506C-4B15-418A-B13E-1A51E89BC15F}.Debug|Any CPU.Build.0 = Debug|Any CPU
		{8B35506C-4B15-418A-B13E-1A51E89BC15F}.Release|Any CPU.ActiveCfg = Release|Any CPU
		{8B35506C-4B15-418A-B13E-1A51E89BC15F}.Release|Any CPU.Build.0 = Release|Any CPU
	EndGlobalSection
	GlobalSection(SolutionProperties) = preSolution
		HideSolutionNode = FALSE
	EndGlobalSection
	GlobalSection(ExtensibilityGlobals) = postSolution
		SolutionGuid = {7BCBCA24-2A80-4DFB-8A6A-44E0369A7B26}
	EndGlobalSection
EndGlobal
