
Microsoft Visual Studio Solution File, Format Version 12.00
# Visual Studio Version 17
VisualStudioVersion = 17.13.35931.197 d17.13
MinimumVisualStudioVersion = 10.0.40219.1
Project("{FAE04EC0-301F-11D3-BF4B-00C04F79EFBC}") = "Hafta 4-2", "Hafta 4-2\Hafta 4-2.csproj", "{98F131E3-E4EE-4DF5-A0F6-74292D11083D}"
EndProject
Global
	GlobalSection(SolutionConfigurationPlatforms) = preSolution
		Debug|Any CPU = Debug|Any CPU
		Release|Any CPU = Release|Any CPU
	EndGlobalSection
	GlobalSection(ProjectConfigurationPlatforms) = postSolution
		{98F131E3-E4EE-4DF5-A0F6-74292D11083D}.Debug|Any CPU.ActiveCfg = Debug|Any CPU
		{98F131E3-E4EE-4DF5-A0F6-74292D11083D}.Debug|Any CPU.Build.0 = Debug|Any CPU
		{98F131E3-E4EE-4DF5-A0F6-74292D11083D}.Release|Any CPU.ActiveCfg = Release|Any CPU
		{98F131E3-E4EE-4DF5-A0F6-74292D11083D}.Release|Any CPU.Build.0 = Release|Any CPU
	EndGlobalSection
	GlobalSection(SolutionProperties) = preSolution
		HideSolutionNode = FALSE
	EndGlobalSection
	GlobalSection(ExtensibilityGlobals) = postSolution
		SolutionGuid = {334AF68B-2CE5-4CD4-9EFB-D6213D6A9F82}
	EndGlobalSection
EndGlobal
